
Microsoft Visual Studio Solution File, Format Version 12.00
# Visual Studio Version 16
VisualStudioVersion = 16.0.30804.86
MinimumVisualStudioVersion = 10.0.40219.1
Project("{FAE04EC0-301F-11D3-BF4B-00C04F79EFBC}") = "VPNTrayMon", "VPNTrayMon\VPNTrayMon.csproj", "{B8DFA792-39C8-4E4E-8AA7-BB1E110B2C96}"
EndProject
Global
	GlobalSection(SolutionConfigurationPlatforms) = preSolution
		Debug|Any CPU = Debug|Any CPU
		Release|Any CPU = Release|Any CPU
	EndGlobalSection
	GlobalSection(ProjectConfigurationPlatforms) = postSolution
		{B8DFA792-39C8-4E4E-8AA7-BB1E110B2C96}.Debug|Any CPU.ActiveCfg = Debug|Any CPU
		{B8DFA792-39C8-4E4E-8AA7-BB1E110B2C96}.Debug|Any CPU.Build.0 = Debug|Any CPU
		{B8DFA792-39C8-4E4E-8AA7-BB1E110B2C96}.Release|Any CPU.ActiveCfg = Release|Any CPU
		{B8DFA792-39C8-4E4E-8AA7-BB1E110B2C96}.Release|Any CPU.Build.0 = Release|Any CPU
	EndGlobalSection
	GlobalSection(SolutionProperties) = preSolution
		HideSolutionNode = FALSE
	EndGlobalSection
	GlobalSection(ExtensibilityGlobals) = postSolution
		SolutionGuid = {BF2C40C0-74B0-428D-99C0-410D1160A30D}
	EndGlobalSection
EndGlobal
